{
  "name": "eventfrog-api-example",
  "version": "1.0.0",
  "lockfileVersion": 2,
  "requires": true,
  "packages": {
    "": {
      "version": "1.0.0",
      "dependencies": {
        "eventfrog-api": "^1",
        "jquery": "^3"
      }
    },
    "node_modules/eventfrog-api": {
      "version": "1.3.1",
      "resolved": "https://registry.npmjs.org/eventfrog-api/-/eventfrog-api-1.3.1.tgz",
      "integrity": "sha512-xfWC0S7ZDu7uhWu4MXbWDlefC/0u8vjAn3a5hGz/Vf/+KNSOatpChDkHqoBDWXM/WvErFSTLO/8R703TroXJOg==",
      "dependencies": {
        "jquery": "^3"
      }
    },
    "node_modules/jquery": {
      "version": "3.6.0",
      "resolved": "https://registry.npmjs.org/jquery/-/jquery-3.6.0.tgz",
      "integrity": "sha512-JVzAR/AjBvVt2BmYhxRCSYysDsPcssdmTFnzyLEts9qNwmjmu4JTAMYubEfwVOSwpQ1I1sKKFcxhZCI2buerfw=="
    }
  },
  "dependencies": {
    "eventfrog-api": {
      "version": "1.3.1",
      "resolved": "https://registry.npmjs.org/eventfrog-api/-/eventfrog-api-1.3.1.tgz",
      "integrity": "sha512-xfWC0S7ZDu7uhWu4MXbWDlefC/0u8vjAn3a5hGz/Vf/+KNSOatpChDkHqoBDWXM/WvErFSTLO/8R703TroXJOg==",
      "requires": {
        "jquery": "^3"
      }
    },
    "jquery": {
      "version": "3.6.0",
      "resolved": "https://registry.npmjs.org/jquery/-/jquery-3.6.0.tgz",
      "integrity": "sha512-JVzAR/AjBvVt2BmYhxRCSYysDsPcssdmTFnzyLEts9qNwmjmu4JTAMYubEfwVOSwpQ1I1sKKFcxhZCI2buerfw=="
    }
  }
}
