{
  "name": "eventfrog-api-example",
  "version": "1.0.0",
  "lockfileVersion": 2,
  "requires": true,
  "packages": {
    "": {
      "version": "1.0.0",
      "dependencies": {
        "eventfrog-api": "^1",
        "jquery": "^3"
      }
    },
    "node_modules/eventfrog-api": {
      "version": "1.4.0",
      "resolved": "https://registry.npmjs.org/eventfrog-api/-/eventfrog-api-1.4.0.tgz",
      "integrity": "sha512-zTkVwGZBsS2W0qFftrgsdQloqqHm8jQGGskIk9u7rFbgJNhgwZHXMFDlSUiKSNc77/C5AxiH0uTPS9ZkxmVD5A==",
      "dependencies": {
        "jquery": "^3"
      }
    },
    "node_modules/jquery": {
      "version": "3.6.0",
      "resolved": "https://registry.npmjs.org/jquery/-/jquery-3.6.0.tgz",
      "integrity": "sha512-JVzAR/AjBvVt2BmYhxRCSYysDsPcssdmTFnzyLEts9qNwmjmu4JTAMYubEfwVOSwpQ1I1sKKFcxhZCI2buerfw=="
    }
  },
  "dependencies": {
    "eventfrog-api": {
      "version": "1.4.0",
      "resolved": "https://registry.npmjs.org/eventfrog-api/-/eventfrog-api-1.4.0.tgz",
      "integrity": "sha512-zTkVwGZBsS2W0qFftrgsdQloqqHm8jQGGskIk9u7rFbgJNhgwZHXMFDlSUiKSNc77/C5AxiH0uTPS9ZkxmVD5A==",
      "requires": {
        "jquery": "^3"
      }
    },
    "jquery": {
      "version": "3.6.0",
      "resolved": "https://registry.npmjs.org/jquery/-/jquery-3.6.0.tgz",
      "integrity": "sha512-JVzAR/AjBvVt2BmYhxRCSYysDsPcssdmTFnzyLEts9qNwmjmu4JTAMYubEfwVOSwpQ1I1sKKFcxhZCI2buerfw=="
    }
  }
}
