{
  "name": "eventfrog-api-example",
  "version": "1.0.0",
  "lockfileVersion": 2,
  "requires": true,
  "packages": {
    "": {
      "version": "1.0.0",
      "dependencies": {
        "eventfrog-api": "^2.0.0-alpha.1",
        "jquery": "^3"
      }
    },
    "node_modules/eventfrog-api": {
      "version": "2.0.0-alpha.1",
      "resolved": "https://registry.npmjs.org/eventfrog-api/-/eventfrog-api-2.0.0-alpha.1.tgz",
      "integrity": "sha512-IlQ8egQ6KpLri3rQCz2ub2oCVm76OuUmuSbib/2w60VffSuRU312MmmDS0exGv4FL2bhjCo8oWiR3lypm9J1yQ==",
      "dependencies": {
        "jquery": "^3"
      }
    },
    "node_modules/jquery": {
      "version": "3.6.0",
      "resolved": "https://registry.npmjs.org/jquery/-/jquery-3.6.0.tgz",
      "integrity": "sha512-JVzAR/AjBvVt2BmYhxRCSYysDsPcssdmTFnzyLEts9qNwmjmu4JTAMYubEfwVOSwpQ1I1sKKFcxhZCI2buerfw=="
    }
  },
  "dependencies": {
    "eventfrog-api": {
      "version": "2.0.0-alpha.1",
      "resolved": "https://registry.npmjs.org/eventfrog-api/-/eventfrog-api-2.0.0-alpha.1.tgz",
      "integrity": "sha512-IlQ8egQ6KpLri3rQCz2ub2oCVm76OuUmuSbib/2w60VffSuRU312MmmDS0exGv4FL2bhjCo8oWiR3lypm9J1yQ==",
      "requires": {
        "jquery": "^3"
      }
    },
    "jquery": {
      "version": "3.6.0",
      "resolved": "https://registry.npmjs.org/jquery/-/jquery-3.6.0.tgz",
      "integrity": "sha512-JVzAR/AjBvVt2BmYhxRCSYysDsPcssdmTFnzyLEts9qNwmjmu4JTAMYubEfwVOSwpQ1I1sKKFcxhZCI2buerfw=="
    }
  }
}
